
Microsoft Visual Studio Solution File, Format Version 12.00
Project("{FAE04EC0-301F-11D3-BF4B-00C04F79EFBC}") = "Discord093", "Discord093\Discord093.csproj", "{81228753-2A61-4EEA-9DA5-2E47DE0D7F18}"
EndProject
Project("{FAE04EC0-301F-11D3-BF4B-00C04F79EFBC}") = "Test", "Test\Test.csproj", "{A45252C5-ED1D-4F5F-A890-8E23C9399C17}"
EndProject
Global
	GlobalSection(SolutionConfigurationPlatforms) = preSolution
		Debug|Any CPU = Debug|Any CPU
		Release|Any CPU = Release|Any CPU
	EndGlobalSection
	GlobalSection(ProjectConfigurationPlatforms) = postSolution
		{81228753-2A61-4EEA-9DA5-2E47DE0D7F18}.Debug|Any CPU.ActiveCfg = Debug|Any CPU
		{81228753-2A61-4EEA-9DA5-2E47DE0D7F18}.Debug|Any CPU.Build.0 = Debug|Any CPU
		{81228753-2A61-4EEA-9DA5-2E47DE0D7F18}.Release|Any CPU.ActiveCfg = Release|Any CPU
		{81228753-2A61-4EEA-9DA5-2E47DE0D7F18}.Release|Any CPU.Build.0 = Release|Any CPU
		{A45252C5-ED1D-4F5F-A890-8E23C9399C17}.Debug|Any CPU.ActiveCfg = Debug|Any CPU
		{A45252C5-ED1D-4F5F-A890-8E23C9399C17}.Debug|Any CPU.Build.0 = Debug|Any CPU
		{A45252C5-ED1D-4F5F-A890-8E23C9399C17}.Release|Any CPU.ActiveCfg = Release|Any CPU
		{A45252C5-ED1D-4F5F-A890-8E23C9399C17}.Release|Any CPU.Build.0 = Release|Any CPU
	EndGlobalSection
EndGlobal
